
Microsoft Visual Studio Solution File, Format Version 12.00
# Visual Studio Version 17
VisualStudioVersion = 17.3.32922.545
MinimumVisualStudioVersion = 10.0.40219.1
Project("{FAE04EC0-301F-11D3-BF4B-00C04F79EFBC}") = "Game.Messaging.Server", "..\Game.Messaging.Server\Game.Messaging.Server.csproj", "{471B4142-5944-467D-8CEE-DFAB6CE37CE4}"
EndProject
Project("{FAE04EC0-301F-11D3-BF4B-00C04F79EFBC}") = "Game.Messaging.Client", "..\Game.Messaging.Client\Game.Messaging.Client.csproj", "{1D16998F-CB9D-4200-95EC-BDD47CD73977}"
EndProject
Global
	GlobalSection(SolutionConfigurationPlatforms) = preSolution
		Debug|Any CPU = Debug|Any CPU
		Release|Any CPU = Release|Any CPU
	EndGlobalSection
	GlobalSection(ProjectConfigurationPlatforms) = postSolution
		{471B4142-5944-467D-8CEE-DFAB6CE37CE4}.Debug|Any CPU.ActiveCfg = Debug|Any CPU
		{471B4142-5944-467D-8CEE-DFAB6CE37CE4}.Debug|Any CPU.Build.0 = Debug|Any CPU
		{471B4142-5944-467D-8CEE-DFAB6CE37CE4}.Release|Any CPU.ActiveCfg = Release|Any CPU
		{471B4142-5944-467D-8CEE-DFAB6CE37CE4}.Release|Any CPU.Build.0 = Release|Any CPU
		{1D16998F-CB9D-4200-95EC-BDD47CD73977}.Debug|Any CPU.ActiveCfg = Debug|Any CPU
		{1D16998F-CB9D-4200-95EC-BDD47CD73977}.Debug|Any CPU.Build.0 = Debug|Any CPU
		{1D16998F-CB9D-4200-95EC-BDD47CD73977}.Release|Any CPU.ActiveCfg = Release|Any CPU
		{1D16998F-CB9D-4200-95EC-BDD47CD73977}.Release|Any CPU.Build.0 = Release|Any CPU
	EndGlobalSection
	GlobalSection(SolutionProperties) = preSolution
		HideSolutionNode = FALSE
	EndGlobalSection
	GlobalSection(ExtensibilityGlobals) = postSolution
		SolutionGuid = {4473EB0A-BA71-4B03-898C-D7B37A7AF5FF}
	EndGlobalSection
EndGlobal
